
Microsoft Visual Studio Solution File, Format Version 12.00
# Visual Studio Version 16
VisualStudioVersion = 16.0.31402.337
MinimumVisualStudioVersion = 10.0.40219.1
Project("{9A19103F-16F7-4668-BE54-9A1E7A4F7556}") = "MovieShopMVC", "MovieShopMVC\MovieShopMVC.csproj", "{28C23D44-6132-4B3D-BFEF-57B21D3CD6E1}"
EndProject
Project("{9A19103F-16F7-4668-BE54-9A1E7A4F7556}") = "ApplicationCore", "ApplicationCore\ApplicationCore.csproj", "{9F3FE72E-A43F-4CF1-A20B-914E2238D5C7}"
EndProject
Project("{9A19103F-16F7-4668-BE54-9A1E7A4F7556}") = "Infrastructure", "Infrastructure\Infrastructure.csproj", "{3A072BFA-8A01-4DA0-92D4-D7412266A4BD}"
EndProject
Project("{9A19103F-16F7-4668-BE54-9A1E7A4F7556}") = "MovieShopAPI", "MovieShopAPI\MovieShopAPI.csproj", "{3EFE5CF3-A068-4F3E-B623-31434DCA1CF7}"
EndProject
Global
	GlobalSection(SolutionConfigurationPlatforms) = preSolution
		Debug|Any CPU = Debug|Any CPU
		Release|Any CPU = Release|Any CPU
	EndGlobalSection
	GlobalSection(ProjectConfigurationPlatforms) = postSolution
		{28C23D44-6132-4B3D-BFEF-57B21D3CD6E1}.Debug|Any CPU.ActiveCfg = Debug|Any CPU
		{28C23D44-6132-4B3D-BFEF-57B21D3CD6E1}.Debug|Any CPU.Build.0 = Debug|Any CPU
		{28C23D44-6132-4B3D-BFEF-57B21D3CD6E1}.Release|Any CPU.ActiveCfg = Release|Any CPU
		{28C23D44-6132-4B3D-BFEF-57B21D3CD6E1}.Release|Any CPU.Build.0 = Release|Any CPU
		{9F3FE72E-A43F-4CF1-A20B-914E2238D5C7}.Debug|Any CPU.ActiveCfg = Debug|Any CPU
		{9F3FE72E-A43F-4CF1-A20B-914E2238D5C7}.Debug|Any CPU.Build.0 = Debug|Any CPU
		{9F3FE72E-A43F-4CF1-A20B-914E2238D5C7}.Release|Any CPU.ActiveCfg = Release|Any CPU
		{9F3FE72E-A43F-4CF1-A20B-914E2238D5C7}.Release|Any CPU.Build.0 = Release|Any CPU
		{3A072BFA-8A01-4DA0-92D4-D7412266A4BD}.Debug|Any CPU.ActiveCfg = Debug|Any CPU
		{3A072BFA-8A01-4DA0-92D4-D7412266A4BD}.Debug|Any CPU.Build.0 = Debug|Any CPU
		{3A072BFA-8A01-4DA0-92D4-D7412266A4BD}.Release|Any CPU.ActiveCfg = Release|Any CPU
		{3A072BFA-8A01-4DA0-92D4-D7412266A4BD}.Release|Any CPU.Build.0 = Release|Any CPU
		{3EFE5CF3-A068-4F3E-B623-31434DCA1CF7}.Debug|Any CPU.ActiveCfg = Debug|Any CPU
		{3EFE5CF3-A068-4F3E-B623-31434DCA1CF7}.Debug|Any CPU.Build.0 = Debug|Any CPU
		{3EFE5CF3-A068-4F3E-B623-31434DCA1CF7}.Release|Any CPU.ActiveCfg = Release|Any CPU
		{3EFE5CF3-A068-4F3E-B623-31434DCA1CF7}.Release|Any CPU.Build.0 = Release|Any CPU
	EndGlobalSection
	GlobalSection(SolutionProperties) = preSolution
		HideSolutionNode = FALSE
	EndGlobalSection
	GlobalSection(ExtensibilityGlobals) = postSolution
		SolutionGuid = {9B9173B2-DD2A-403D-BD02-7C74863310D6}
	EndGlobalSection
EndGlobal
